[[package]]
name = "bench"
version = "0.1.0"
dependencies = [
 "peroxide 0.4.5 (registry+https://github.com/rust-lang/crates.io-index)",
]

[[package]]
name = "peroxide"
version = "0.4.5"
source = "registry+https://github.com/rust-lang/crates.io-index"

[metadata]
"checksum peroxide 0.4.5 (registry+https://github.com/rust-lang/crates.io-index)" = "cec357073582bdeb78b4dc8f64c14cea21ae755d3a6845163e68dfc4585faa2d"
